
Microsoft Visual Studio Solution File, Format Version 12.00
# Visual Studio Version 17
VisualStudioVersion = 17.3.32929.385
MinimumVisualStudioVersion = 10.0.40219.1
Project("{9A19103F-16F7-4668-BE54-9A1E7A4F7556}") = "Blotch3D", "src\Blotch3D.csproj", "{EC0AE76E-F782-49DF-8CAC-5B305039B58E}"
EndProject
Project("{9A19103F-16F7-4668-BE54-9A1E7A4F7556}") = "BlotchExample01_Basic", "examples\BlotchExample01_Basic\BlotchExample01_Basic.csproj", "{85496977-1599-4E03-BB96-8DC186138386}"
EndProject
Project("{9A19103F-16F7-4668-BE54-9A1E7A4F7556}") = "BlotchExample02_SpriteMovement", "examples\BlotchExample02_SpriteMovement\BlotchExample02_SpriteMovement.csproj", "{EE8865E4-C0DE-4A2D-9E8E-602074701B59}"
EndProject
Project("{9A19103F-16F7-4668-BE54-9A1E7A4F7556}") = "BlotchExample03_SpriteTexture", "examples\BlotchExample03_SpriteTexture\BlotchExample03_SpriteTexture.csproj", "{6CA29CF3-A8C7-42C8-A853-C8782F4CA3BF}"
EndProject
Project("{9A19103F-16F7-4668-BE54-9A1E7A4F7556}") = "BlotchExample04_SpriteText", "examples\BlotchExample04_SpriteText\BlotchExample04_SpriteText.csproj", "{809F48B1-C2D2-4EFA-89ED-719CE1A8EC7C}"
EndProject
Project("{9A19103F-16F7-4668-BE54-9A1E7A4F7556}") = "BlotchExample05_SpriteAlphaTexture", "examples\BlotchExample05_SpriteAlphaTexture\BlotchExample05_SpriteAlphaTexture.csproj", "{171E36CB-B5FE-428D-B56E-5F0B006B3F8B}"
EndProject
Project("{9A19103F-16F7-4668-BE54-9A1E7A4F7556}") = "BlotchExample06_Heightfield", "examples\BlotchExample06_Heightfield\BlotchExample06_Heightfield.csproj", "{BB9AAE1C-766E-49E7-BD54-D951B1EB1365}"
EndProject
Project("{9A19103F-16F7-4668-BE54-9A1E7A4F7556}") = "BlotchExample07_3DGraph", "examples\BlotchExample07_3DGraph\BlotchExample07_3DGraph.csproj", "{4985DFB3-46C8-4FEC-AB7B-DDF410B8F0D6}"
EndProject
Project("{9A19103F-16F7-4668-BE54-9A1E7A4F7556}") = "BlotchExample08_TextureTransform", "examples\BlotchExample08_TextureTransform\BlotchExample08_TextureTransform.csproj", "{685F560A-AB79-453C-932C-C2287DAB7C79}"
EndProject
Project("{9A19103F-16F7-4668-BE54-9A1E7A4F7556}") = "BlotchExample09_GeomObjects", "examples\BlotchExample09_GeomObjects\BlotchExample09_GeomObjects.csproj", "{751E3A08-31AD-4843-9128-6D6DF825B1DA}"
EndProject
Project("{9A19103F-16F7-4668-BE54-9A1E7A4F7556}") = "BlotchExample10_GeomObjectsWithDelegate", "examples\BlotchExample10_GeomObjectsWithDelegate\BlotchExample10_GeomObjectsWithDelegate.csproj", "{0B857774-C7CE-4DE1-8369-F75B7933353B}"
EndProject
Project("{9A19103F-16F7-4668-BE54-9A1E7A4F7556}") = "BlotchExample11_Particles", "examples\BlotchExample11_Particles\BlotchExample11_Particles.csproj", "{3EF53AB1-8D12-4C5C-B26C-3181E8789DA1}"
EndProject
Project("{9A19103F-16F7-4668-BE54-9A1E7A4F7556}") = "BlotchExampleFull", "examples\BlotchExampleFull\BlotchExampleFull.csproj", "{9B03E307-05EE-4D90-940B-1D5E3CB8249D}"
EndProject
Project("{9A19103F-16F7-4668-BE54-9A1E7A4F7556}") = "BlotchExample12_WPF", "examples\BlotchExample12_WPF\BlotchExample12_WPF.csproj", "{123E17BE-D272-4437-82FE-641EABA407E5}"
EndProject
Project("{9A19103F-16F7-4668-BE54-9A1E7A4F7556}") = "BlotchExample14_MultipleSprites", "examples\BlotchExample14_MultipleSprites\BlotchExample14_MultipleSprites.csproj", "{183A8D16-C502-49F6-9DCB-BF8278E6CD16}"
EndProject
Global
	GlobalSection(SolutionConfigurationPlatforms) = preSolution
		Debug|Any CPU = Debug|Any CPU
		Release|Any CPU = Release|Any CPU
	EndGlobalSection
	GlobalSection(ProjectConfigurationPlatforms) = postSolution
		{EC0AE76E-F782-49DF-8CAC-5B305039B58E}.Debug|Any CPU.ActiveCfg = Debug|Any CPU
		{EC0AE76E-F782-49DF-8CAC-5B305039B58E}.Debug|Any CPU.Build.0 = Debug|Any CPU
		{EC0AE76E-F782-49DF-8CAC-5B305039B58E}.Release|Any CPU.ActiveCfg = Release|Any CPU
		{EC0AE76E-F782-49DF-8CAC-5B305039B58E}.Release|Any CPU.Build.0 = Release|Any CPU
		{85496977-1599-4E03-BB96-8DC186138386}.Debug|Any CPU.ActiveCfg = Debug|Any CPU
		{85496977-1599-4E03-BB96-8DC186138386}.Debug|Any CPU.Build.0 = Debug|Any CPU
		{85496977-1599-4E03-BB96-8DC186138386}.Release|Any CPU.ActiveCfg = Release|Any CPU
		{85496977-1599-4E03-BB96-8DC186138386}.Release|Any CPU.Build.0 = Release|Any CPU
		{EE8865E4-C0DE-4A2D-9E8E-602074701B59}.Debug|Any CPU.ActiveCfg = Debug|Any CPU
		{EE8865E4-C0DE-4A2D-9E8E-602074701B59}.Debug|Any CPU.Build.0 = Debug|Any CPU
		{EE8865E4-C0DE-4A2D-9E8E-602074701B59}.Release|Any CPU.ActiveCfg = Release|Any CPU
		{EE8865E4-C0DE-4A2D-9E8E-602074701B59}.Release|Any CPU.Build.0 = Release|Any CPU
		{6CA29CF3-A8C7-42C8-A853-C8782F4CA3BF}.Debug|Any CPU.ActiveCfg = Debug|Any CPU
		{6CA29CF3-A8C7-42C8-A853-C8782F4CA3BF}.Debug|Any CPU.Build.0 = Debug|Any CPU
		{6CA29CF3-A8C7-42C8-A853-C8782F4CA3BF}.Release|Any CPU.ActiveCfg = Release|Any CPU
		{6CA29CF3-A8C7-42C8-A853-C8782F4CA3BF}.Release|Any CPU.Build.0 = Release|Any CPU
		{809F48B1-C2D2-4EFA-89ED-719CE1A8EC7C}.Debug|Any CPU.ActiveCfg = Debug|Any CPU
		{809F48B1-C2D2-4EFA-89ED-719CE1A8EC7C}.Debug|Any CPU.Build.0 = Debug|Any CPU
		{809F48B1-C2D2-4EFA-89ED-719CE1A8EC7C}.Release|Any CPU.ActiveCfg = Release|Any CPU
		{809F48B1-C2D2-4EFA-89ED-719CE1A8EC7C}.Release|Any CPU.Build.0 = Release|Any CPU
		{171E36CB-B5FE-428D-B56E-5F0B006B3F8B}.Debug|Any CPU.ActiveCfg = Debug|Any CPU
		{171E36CB-B5FE-428D-B56E-5F0B006B3F8B}.Debug|Any CPU.Build.0 = Debug|Any CPU
		{171E36CB-B5FE-428D-B56E-5F0B006B3F8B}.Release|Any CPU.ActiveCfg = Release|Any CPU
		{171E36CB-B5FE-428D-B56E-5F0B006B3F8B}.Release|Any CPU.Build.0 = Release|Any CPU
		{BB9AAE1C-766E-49E7-BD54-D951B1EB1365}.Debug|Any CPU.ActiveCfg = Debug|Any CPU
		{BB9AAE1C-766E-49E7-BD54-D951B1EB1365}.Debug|Any CPU.Build.0 = Debug|Any CPU
		{BB9AAE1C-766E-49E7-BD54-D951B1EB1365}.Release|Any CPU.ActiveCfg = Release|Any CPU
		{BB9AAE1C-766E-49E7-BD54-D951B1EB1365}.Release|Any CPU.Build.0 = Release|Any CPU
		{4985DFB3-46C8-4FEC-AB7B-DDF410B8F0D6}.Debug|Any CPU.ActiveCfg = Debug|Any CPU
		{4985DFB3-46C8-4FEC-AB7B-DDF410B8F0D6}.Debug|Any CPU.Build.0 = Debug|Any CPU
		{4985DFB3-46C8-4FEC-AB7B-DDF410B8F0D6}.Release|Any CPU.ActiveCfg = Release|Any CPU
		{4985DFB3-46C8-4FEC-AB7B-DDF410B8F0D6}.Release|Any CPU.Build.0 = Release|Any CPU
		{685F560A-AB79-453C-932C-C2287DAB7C79}.Debug|Any CPU.ActiveCfg = Debug|Any CPU
		{685F560A-AB79-453C-932C-C2287DAB7C79}.Debug|Any CPU.Build.0 = Debug|Any CPU
		{685F560A-AB79-453C-932C-C2287DAB7C79}.Release|Any CPU.ActiveCfg = Release|Any CPU
		{685F560A-AB79-453C-932C-C2287DAB7C79}.Release|Any CPU.Build.0 = Release|Any CPU
		{751E3A08-31AD-4843-9128-6D6DF825B1DA}.Debug|Any CPU.ActiveCfg = Debug|Any CPU
		{751E3A08-31AD-4843-9128-6D6DF825B1DA}.Debug|Any CPU.Build.0 = Debug|Any CPU
		{751E3A08-31AD-4843-9128-6D6DF825B1DA}.Release|Any CPU.ActiveCfg = Release|Any CPU
		{751E3A08-31AD-4843-9128-6D6DF825B1DA}.Release|Any CPU.Build.0 = Release|Any CPU
		{0B857774-C7CE-4DE1-8369-F75B7933353B}.Debug|Any CPU.ActiveCfg = Debug|Any CPU
		{0B857774-C7CE-4DE1-8369-F75B7933353B}.Debug|Any CPU.Build.0 = Debug|Any CPU
		{0B857774-C7CE-4DE1-8369-F75B7933353B}.Release|Any CPU.ActiveCfg = Release|Any CPU
		{0B857774-C7CE-4DE1-8369-F75B7933353B}.Release|Any CPU.Build.0 = Release|Any CPU
		{3EF53AB1-8D12-4C5C-B26C-3181E8789DA1}.Debug|Any CPU.ActiveCfg = Debug|Any CPU
		{3EF53AB1-8D12-4C5C-B26C-3181E8789DA1}.Debug|Any CPU.Build.0 = Debug|Any CPU
		{3EF53AB1-8D12-4C5C-B26C-3181E8789DA1}.Release|Any CPU.ActiveCfg = Release|Any CPU
		{3EF53AB1-8D12-4C5C-B26C-3181E8789DA1}.Release|Any CPU.Build.0 = Release|Any CPU
		{9B03E307-05EE-4D90-940B-1D5E3CB8249D}.Debug|Any CPU.ActiveCfg = Debug|Any CPU
		{9B03E307-05EE-4D90-940B-1D5E3CB8249D}.Debug|Any CPU.Build.0 = Debug|Any CPU
		{9B03E307-05EE-4D90-940B-1D5E3CB8249D}.Release|Any CPU.ActiveCfg = Release|Any CPU
		{9B03E307-05EE-4D90-940B-1D5E3CB8249D}.Release|Any CPU.Build.0 = Release|Any CPU
		{123E17BE-D272-4437-82FE-641EABA407E5}.Debug|Any CPU.ActiveCfg = Debug|Any CPU
		{123E17BE-D272-4437-82FE-641EABA407E5}.Debug|Any CPU.Build.0 = Debug|Any CPU
		{123E17BE-D272-4437-82FE-641EABA407E5}.Release|Any CPU.ActiveCfg = Release|Any CPU
		{123E17BE-D272-4437-82FE-641EABA407E5}.Release|Any CPU.Build.0 = Release|Any CPU
		{183A8D16-C502-49F6-9DCB-BF8278E6CD16}.Debug|Any CPU.ActiveCfg = Debug|Any CPU
		{183A8D16-C502-49F6-9DCB-BF8278E6CD16}.Debug|Any CPU.Build.0 = Debug|Any CPU
		{183A8D16-C502-49F6-9DCB-BF8278E6CD16}.Release|Any CPU.ActiveCfg = Release|Any CPU
		{183A8D16-C502-49F6-9DCB-BF8278E6CD16}.Release|Any CPU.Build.0 = Release|Any CPU
	EndGlobalSection
	GlobalSection(SolutionProperties) = preSolution
		HideSolutionNode = FALSE
	EndGlobalSection
	GlobalSection(ExtensibilityGlobals) = postSolution
		SolutionGuid = {39222FF3-0786-4C6F-8519-D2775DB0F6CD}
	EndGlobalSection
EndGlobal
