
Microsoft Visual Studio Solution File, Format Version 12.00
# Visual Studio Version 16
VisualStudioVersion = 16.0.30611.23
MinimumVisualStudioVersion = 10.0.40219.1
Project("{9A19103F-16F7-4668-BE54-9A1E7A4F7556}") = "BlotchExample13_UseBlotch3DThruNuGet", "examples\BlotchExample13_UseBlotch3DThruNuGet (Use separate solution file)\BlotchExample13_UseBlotch3DThruNuGet.csproj", "{A1334B90-8F2D-41C0-99E3-F43A67F8F9D3}"
EndProject
Global
	GlobalSection(SolutionConfigurationPlatforms) = preSolution
		Debug|Any CPU = Debug|Any CPU
		Release|Any CPU = Release|Any CPU
	EndGlobalSection
	GlobalSection(ProjectConfigurationPlatforms) = postSolution
		{A1334B90-8F2D-41C0-99E3-F43A67F8F9D3}.Debug|Any CPU.ActiveCfg = Debug|Any CPU
		{A1334B90-8F2D-41C0-99E3-F43A67F8F9D3}.Debug|Any CPU.Build.0 = Debug|Any CPU
		{A1334B90-8F2D-41C0-99E3-F43A67F8F9D3}.Release|Any CPU.ActiveCfg = Release|Any CPU
		{A1334B90-8F2D-41C0-99E3-F43A67F8F9D3}.Release|Any CPU.Build.0 = Release|Any CPU
	EndGlobalSection
	GlobalSection(SolutionProperties) = preSolution
		HideSolutionNode = FALSE
	EndGlobalSection
	GlobalSection(ExtensibilityGlobals) = postSolution
		SolutionGuid = {13D82492-330C-4B1A-9656-9C1B5D7CD78A}
	EndGlobalSection
EndGlobal
